# THIS IS AN AUTOGENERATED FILE. DO NOT EDIT THIS FILE DIRECTLY.
# yarn lockfile v1


"2ll@latest":
  version "0.0.95"
  resolved "https://registry.yarnpkg.com/2ll/-/2ll-0.0.95.tgz#2164388826d3504117c7134d6d0f64c3b1b2792d"
  integrity sha512-KcDMgk2szTlRbW22VOj6/aYTGjD+leaf6nF7JpTjV8T8LiizSMuVm2V3VyzCRKWJ2Is49P9X5xXRGbfWOcASUQ==
  dependencies:
    "@cloudflare/workers-types" "^3.16.0"

"88b@^1.1.6":
  version "1.1.6"
  resolved "https://registry.yarnpkg.com/88b/-/88b-1.1.6.tgz#0f00423ac100fdc6bb8c7e452ad1de54e16536f8"
  integrity sha512-PH0MbvfCEWOlGU0JqcOHPmYvOiliezNqvOh1ECfojYVYQcuEMbgPvTHhNw7RIZy+qGFvThX8tqt/kMw346G9RA==
  dependencies:
    "@cloudflare/workers-types" "^3.16.0"

"@cloudflare/pages-plugin-static-forms@^1.0.0":
  version "1.0.0"
  resolved "https://registry.yarnpkg.com/@cloudflare/pages-plugin-static-forms/-/pages-plugin-static-forms-1.0.0.tgz#8e3bb26bd5ac273928ca3a4656027f490def0faa"
  integrity sha512-NMM8BUKU2VUwv0ZdPz6XaMeY0uVSWiAwvV4iIdaCh9a+utfgQ/RmeicxwkuA6/l5RQbs48XPSjnEoWpsBbyfgw==

"@cloudflare/workers-types@^3.16.0":
  version "3.16.0"
  resolved "https://registry.yarnpkg.com/@cloudflare/workers-types/-/workers-types-3.16.0.tgz#011658ca3f9810373e0eb4a2b5d6cabe4848d8d6"
  integrity sha512-gaBUSaKS65mN3iKZEgichbXYEmAa/pXkc5Gbt+1BptYphdGkj09ggdsiE4w8g0F/uI1g36QaTKrzVnBAWMipvQ==
